
Microsoft Visual Studio Solution File, Format Version 12.00
# Visual Studio Version 17
VisualStudioVersion = 17.3.32922.545
MinimumVisualStudioVersion = 10.0.40219.1
Project("{9A19103F-16F7-4668-BE54-9A1E7A4F7556}") = "Personalblog", "Personalblog\Personalblog.csproj", "{D0EFC8FA-A561-4093-8FF8-561472772255}"
EndProject
Project("{9A19103F-16F7-4668-BE54-9A1E7A4F7556}") = "Personalblog.Model", "Personalblog.Model\Personalblog.Model.csproj", "{77486C6E-64EF-47F6-A46A-1798C59BF23E}"
EndProject
Project("{9A19103F-16F7-4668-BE54-9A1E7A4F7556}") = "PersonalblogServices", "PersonalblogServices\PersonalblogServices.csproj", "{565A5407-695A-4F57-BD2A-848B929C9EB8}"
EndProject
Project("{9A19103F-16F7-4668-BE54-9A1E7A4F7556}") = "Personalblog.Migrate", "Personalblog.Migrate\Personalblog.Migrate.csproj", "{D0CD3118-2245-474C-B386-64572054510F}"
EndProject
Project("{9A19103F-16F7-4668-BE54-9A1E7A4F7556}") = "Personalblog.Contrib", "Personalblog.Contrib\Personalblog.Contrib.csproj", "{59E6691C-CF5E-448C-8B5F-2659522B10AA}"
EndProject
Global
	GlobalSection(SolutionConfigurationPlatforms) = preSolution
		Debug|Any CPU = Debug|Any CPU
		Release|Any CPU = Release|Any CPU
	EndGlobalSection
	GlobalSection(ProjectConfigurationPlatforms) = postSolution
		{D0EFC8FA-A561-4093-8FF8-561472772255}.Debug|Any CPU.ActiveCfg = Debug|Any CPU
		{D0EFC8FA-A561-4093-8FF8-561472772255}.Debug|Any CPU.Build.0 = Debug|Any CPU
		{D0EFC8FA-A561-4093-8FF8-561472772255}.Release|Any CPU.ActiveCfg = Release|Any CPU
		{D0EFC8FA-A561-4093-8FF8-561472772255}.Release|Any CPU.Build.0 = Release|Any CPU
		{77486C6E-64EF-47F6-A46A-1798C59BF23E}.Debug|Any CPU.ActiveCfg = Debug|Any CPU
		{77486C6E-64EF-47F6-A46A-1798C59BF23E}.Debug|Any CPU.Build.0 = Debug|Any CPU
		{77486C6E-64EF-47F6-A46A-1798C59BF23E}.Release|Any CPU.ActiveCfg = Release|Any CPU
		{77486C6E-64EF-47F6-A46A-1798C59BF23E}.Release|Any CPU.Build.0 = Release|Any CPU
		{565A5407-695A-4F57-BD2A-848B929C9EB8}.Debug|Any CPU.ActiveCfg = Debug|Any CPU
		{565A5407-695A-4F57-BD2A-848B929C9EB8}.Debug|Any CPU.Build.0 = Debug|Any CPU
		{565A5407-695A-4F57-BD2A-848B929C9EB8}.Release|Any CPU.ActiveCfg = Release|Any CPU
		{565A5407-695A-4F57-BD2A-848B929C9EB8}.Release|Any CPU.Build.0 = Release|Any CPU
		{D0CD3118-2245-474C-B386-64572054510F}.Debug|Any CPU.ActiveCfg = Debug|Any CPU
		{D0CD3118-2245-474C-B386-64572054510F}.Debug|Any CPU.Build.0 = Debug|Any CPU
		{D0CD3118-2245-474C-B386-64572054510F}.Release|Any CPU.ActiveCfg = Release|Any CPU
		{D0CD3118-2245-474C-B386-64572054510F}.Release|Any CPU.Build.0 = Release|Any CPU
		{59E6691C-CF5E-448C-8B5F-2659522B10AA}.Debug|Any CPU.ActiveCfg = Debug|Any CPU
		{59E6691C-CF5E-448C-8B5F-2659522B10AA}.Debug|Any CPU.Build.0 = Debug|Any CPU
		{59E6691C-CF5E-448C-8B5F-2659522B10AA}.Release|Any CPU.ActiveCfg = Release|Any CPU
		{59E6691C-CF5E-448C-8B5F-2659522B10AA}.Release|Any CPU.Build.0 = Release|Any CPU
	EndGlobalSection
	GlobalSection(SolutionProperties) = preSolution
		HideSolutionNode = FALSE
	EndGlobalSection
	GlobalSection(ExtensibilityGlobals) = postSolution
		SolutionGuid = {744A6C08-C27A-44F8-8991-2FC1502C654A}
	EndGlobalSection
EndGlobal
