{
  "name": "personalblog",
  "version": "1.0.0",
  "lockfileVersion": 1,
  "requires": true,
  "dependencies": {
    "editor.md-ext": {
      "version": "1.5.3",
      "resolved": "https://registry.npmmirror.com/editor.md-ext/-/editor.md-ext-1.5.3.tgz",
      "integrity": "sha512-sjTknXKH7nwFnKz+b3+tvh8pWLDUYYN1gDtLqkZVsYdca/ajpdEJmQFgFkNeQEhRKwK98QIexOPLa6N4LpbtKg=="
    }
  }
}
